
Microsoft Visual Studio Solution File, Format Version 12.00
# Visual Studio Version 17
VisualStudioVersion = 17.5.33627.172
MinimumVisualStudioVersion = 10.0.40219.1
Project("{FAE04EC0-301F-11D3-BF4B-00C04F79EFBC}") = "Bloggie.Web", "Bloggie.Web\Bloggie.Web.csproj", "{D4ED4988-4B52-49DA-839D-4371096C90C2}"
EndProject
Global
	GlobalSection(SolutionConfigurationPlatforms) = preSolution
		Debug|Any CPU = Debug|Any CPU
		Release|Any CPU = Release|Any CPU
	EndGlobalSection
	GlobalSection(ProjectConfigurationPlatforms) = postSolution
		{D4ED4988-4B52-49DA-839D-4371096C90C2}.Debug|Any CPU.ActiveCfg = Debug|Any CPU
		{D4ED4988-4B52-49DA-839D-4371096C90C2}.Debug|Any CPU.Build.0 = Debug|Any CPU
		{D4ED4988-4B52-49DA-839D-4371096C90C2}.Release|Any CPU.ActiveCfg = Release|Any CPU
		{D4ED4988-4B52-49DA-839D-4371096C90C2}.Release|Any CPU.Build.0 = Release|Any CPU
	EndGlobalSection
	GlobalSection(SolutionProperties) = preSolution
		HideSolutionNode = FALSE
	EndGlobalSection
	GlobalSection(ExtensibilityGlobals) = postSolution
		SolutionGuid = {2E5CCFA2-65F8-49E4-A887-0B67378789E5}
	EndGlobalSection
EndGlobal
